
Microsoft Visual Studio Solution File, Format Version 12.00
# Visual Studio Version 16
VisualStudioVersion = 25.0.1704.4
MinimumVisualStudioVersion = 10.0.40219.1
Project("{FAE04EC0-301F-11D3-BF4B-00C04F79EFBC}") = "AWSFundamentals", "AWSFundamentals.csproj", "{39783347-4A67-4993-B8C0-CB0F78F08B0F}"
EndProject
Project("{FAE04EC0-301F-11D3-BF4B-00C04F79EFBC}") = "Customers.Api", "..\..\Downloads\aws-fundamentals-final-master\3.Sqs\Customers.Api\Customers.Api.csproj", "{D96BD21C-E0BC-4B67-A1B1-ADCF22800B52}"
EndProject
Project("{FAE04EC0-301F-11D3-BF4B-00C04F79EFBC}") = "Consumer", "..\Consumer\Consumer.csproj", "{8AF475BF-8691-4F53-813B-6255ABBE7396}"
EndProject
Global
	GlobalSection(SolutionConfigurationPlatforms) = preSolution
		Debug|Any CPU = Debug|Any CPU
		Release|Any CPU = Release|Any CPU
	EndGlobalSection
	GlobalSection(ProjectConfigurationPlatforms) = postSolution
		{39783347-4A67-4993-B8C0-CB0F78F08B0F}.Debug|Any CPU.ActiveCfg = Debug|Any CPU
		{39783347-4A67-4993-B8C0-CB0F78F08B0F}.Debug|Any CPU.Build.0 = Debug|Any CPU
		{39783347-4A67-4993-B8C0-CB0F78F08B0F}.Release|Any CPU.ActiveCfg = Release|Any CPU
		{39783347-4A67-4993-B8C0-CB0F78F08B0F}.Release|Any CPU.Build.0 = Release|Any CPU
		{D96BD21C-E0BC-4B67-A1B1-ADCF22800B52}.Debug|Any CPU.ActiveCfg = Debug|Any CPU
		{D96BD21C-E0BC-4B67-A1B1-ADCF22800B52}.Debug|Any CPU.Build.0 = Debug|Any CPU
		{D96BD21C-E0BC-4B67-A1B1-ADCF22800B52}.Release|Any CPU.ActiveCfg = Release|Any CPU
		{D96BD21C-E0BC-4B67-A1B1-ADCF22800B52}.Release|Any CPU.Build.0 = Release|Any CPU
		{8AF475BF-8691-4F53-813B-6255ABBE7396}.Debug|Any CPU.ActiveCfg = Debug|Any CPU
		{8AF475BF-8691-4F53-813B-6255ABBE7396}.Debug|Any CPU.Build.0 = Debug|Any CPU
		{8AF475BF-8691-4F53-813B-6255ABBE7396}.Release|Any CPU.ActiveCfg = Release|Any CPU
		{8AF475BF-8691-4F53-813B-6255ABBE7396}.Release|Any CPU.Build.0 = Release|Any CPU
	EndGlobalSection
	GlobalSection(SolutionProperties) = preSolution
		HideSolutionNode = FALSE
	EndGlobalSection
	GlobalSection(ExtensibilityGlobals) = postSolution
		SolutionGuid = {96BBB468-E6CA-4161-B439-4CB6F0D7A511}
	EndGlobalSection
EndGlobal
